
Microsoft Visual Studio Solution File, Format Version 12.00
# Visual Studio 2013
VisualStudioVersion = 12.0.21005.1
MinimumVisualStudioVersion = 10.0.40219.1
Project("{FAE04EC0-301F-11D3-BF4B-00C04F79EFBC}") = "WebWarehouse.UI", "WebWarehouse.UI\WebWarehouse.UI.csproj", "{7EA3D69E-6051-4D53-AC2F-016098BAD7CA}"
EndProject
Project("{FAE04EC0-301F-11D3-BF4B-00C04F79EFBC}") = "WebWarehouse.UI.Tests", "WebWarehouse.UI.Tests\WebWarehouse.UI.Tests.csproj", "{B78C7177-75E9-4808-BB8E-9E1F361A087F}"
EndProject
Project("{FAE04EC0-301F-11D3-BF4B-00C04F79EFBC}") = "WebWareHouse.Model", "WebWareHouse.Model\WebWareHouse.Model.csproj", "{5C20814E-63BE-4BEE-A57F-3AA6A7D04DA0}"
EndProject
Global
	GlobalSection(SolutionConfigurationPlatforms) = preSolution
		Debug|Any CPU = Debug|Any CPU
		Release|Any CPU = Release|Any CPU
	EndGlobalSection
	GlobalSection(ProjectConfigurationPlatforms) = postSolution
		{7EA3D69E-6051-4D53-AC2F-016098BAD7CA}.Debug|Any CPU.ActiveCfg = Debug|Any CPU
		{7EA3D69E-6051-4D53-AC2F-016098BAD7CA}.Debug|Any CPU.Build.0 = Debug|Any CPU
		{7EA3D69E-6051-4D53-AC2F-016098BAD7CA}.Release|Any CPU.ActiveCfg = Release|Any CPU
		{7EA3D69E-6051-4D53-AC2F-016098BAD7CA}.Release|Any CPU.Build.0 = Release|Any CPU
		{B78C7177-75E9-4808-BB8E-9E1F361A087F}.Debug|Any CPU.ActiveCfg = Debug|Any CPU
		{B78C7177-75E9-4808-BB8E-9E1F361A087F}.Debug|Any CPU.Build.0 = Debug|Any CPU
		{B78C7177-75E9-4808-BB8E-9E1F361A087F}.Release|Any CPU.ActiveCfg = Release|Any CPU
		{B78C7177-75E9-4808-BB8E-9E1F361A087F}.Release|Any CPU.Build.0 = Release|Any CPU
		{5C20814E-63BE-4BEE-A57F-3AA6A7D04DA0}.Debug|Any CPU.ActiveCfg = Debug|Any CPU
		{5C20814E-63BE-4BEE-A57F-3AA6A7D04DA0}.Debug|Any CPU.Build.0 = Debug|Any CPU
		{5C20814E-63BE-4BEE-A57F-3AA6A7D04DA0}.Release|Any CPU.ActiveCfg = Release|Any CPU
		{5C20814E-63BE-4BEE-A57F-3AA6A7D04DA0}.Release|Any CPU.Build.0 = Release|Any CPU
	EndGlobalSection
	GlobalSection(SolutionProperties) = preSolution
		HideSolutionNode = FALSE
	EndGlobalSection
EndGlobal
