
Microsoft Visual Studio Solution File, Format Version 12.00
# Visual Studio 14
VisualStudioVersion = 14.0.25123.0
MinimumVisualStudioVersion = 10.0.40219.1
Project("{FAE04EC0-301F-11D3-BF4B-00C04F79EFBC}") = "Webwarehouse.UI", "Webwarehouse.UI\Webwarehouse.UI.csproj", "{AEF72F48-AB9A-4415-8240-AA042836317E}"
EndProject
Global
	GlobalSection(SolutionConfigurationPlatforms) = preSolution
		Debug|Any CPU = Debug|Any CPU
		Release|Any CPU = Release|Any CPU
	EndGlobalSection
	GlobalSection(ProjectConfigurationPlatforms) = postSolution
		{AEF72F48-AB9A-4415-8240-AA042836317E}.Debug|Any CPU.ActiveCfg = Debug|Any CPU
		{AEF72F48-AB9A-4415-8240-AA042836317E}.Debug|Any CPU.Build.0 = Debug|Any CPU
		{AEF72F48-AB9A-4415-8240-AA042836317E}.Release|Any CPU.ActiveCfg = Release|Any CPU
		{AEF72F48-AB9A-4415-8240-AA042836317E}.Release|Any CPU.Build.0 = Release|Any CPU
	EndGlobalSection
	GlobalSection(SolutionProperties) = preSolution
		HideSolutionNode = FALSE
	EndGlobalSection
EndGlobal
